
Microsoft Visual Studio Solution File, Format Version 12.00
# Visual Studio 15
VisualStudioVersion = 15.0.28307.438
MinimumVisualStudioVersion = 10.0.40219.1
Project("{FAE04EC0-301F-11D3-BF4B-00C04F79EFBC}") = "Lab1", "Lab1\Lab1.csproj", "{7EFD2065-DAA7-4D24-ACC5-8A234649CC1B}"
EndProject
Global
	GlobalSection(SolutionConfigurationPlatforms) = preSolution
		Debug|Any CPU = Debug|Any CPU
		Release|Any CPU = Release|Any CPU
	EndGlobalSection
	GlobalSection(ProjectConfigurationPlatforms) = postSolution
		{7EFD2065-DAA7-4D24-ACC5-8A234649CC1B}.Debug|Any CPU.ActiveCfg = Debug|Any CPU
		{7EFD2065-DAA7-4D24-ACC5-8A234649CC1B}.Debug|Any CPU.Build.0 = Debug|Any CPU
		{7EFD2065-DAA7-4D24-ACC5-8A234649CC1B}.Release|Any CPU.ActiveCfg = Release|Any CPU
		{7EFD2065-DAA7-4D24-ACC5-8A234649CC1B}.Release|Any CPU.Build.0 = Release|Any CPU
	EndGlobalSection
	GlobalSection(SolutionProperties) = preSolution
		HideSolutionNode = FALSE
	EndGlobalSection
	GlobalSection(ExtensibilityGlobals) = postSolution
		SolutionGuid = {C23A0B30-1934-43D3-8788-799C22C8C0C5}
	EndGlobalSection
EndGlobal
